// !$*UTF8*$!
{
	archiveVersion = 1;
	classes = {
	};
	objectVersion = 56;
	objects = {

/* Begin PBXBuildFile section */
		F507EDD228DF8E5D003853B8 /* README.md in Resources */ = {isa = PBXBuildFile; fileRef = F507EDD128DF8E5D003853B8 /* README.md */; };
		F55DDAEF28E62B46001F219B /* TaskManager.swift in Sources */ = {isa = PBXBuildFile; fileRef = F55DDAEE28E62B46001F219B /* TaskManager.swift */; };
		F55DDAF128E630CA001F219B /* TimerState.swift in Sources */ = {isa = PBXBuildFile; fileRef = F55DDAF028E630CA001F219B /* TimerState.swift */; };
		F5DC57C628E054C00035B08B /* MenuManager.swift in Sources */ = {isa = PBXBuildFile; fileRef = F5DC57C528E054C00035B08B /* MenuManager.swift */; };
		F5DC57C828E069270035B08B /* TaskView.swift in Sources */ = {isa = PBXBuildFile; fileRef = F5DC57C728E069270035B08B /* TaskView.swift */; };
		F5E4A73628DF4417002396CC /* AppDelegate.swift in Sources */ = {isa = PBXBuildFile; fileRef = F5E4A73528DF4417002396CC /* AppDelegate.swift */; };
		F5E4A73A28DF4417002396CC /* Assets.xcassets in Resources */ = {isa = PBXBuildFile; fileRef = F5E4A73928DF4417002396CC /* Assets.xcassets */; };
		F5E4A73D28DF4417002396CC /* Main.storyboard in Resources */ = {isa = PBXBuildFile; fileRef = F5E4A73B28DF4417002396CC /* Main.storyboard */; };
		F5E4A74828DF8C16002396CC /* TaskTimes.swift in Sources */ = {isa = PBXBuildFile; fileRef = F5E4A74528DF8C16002396CC /* TaskTimes.swift */; };
		F5E4A74928DF8C16002396CC /* TaskStatus.swift in Sources */ = {isa = PBXBuildFile; fileRef = F5E4A74628DF8C16002396CC /* TaskStatus.swift */; };
		F5E4A74A28DF8C16002396CC /* Task.swift in Sources */ = {isa = PBXBuildFile; fileRef = F5E4A74728DF8C16002396CC /* Task.swift */; };
/* End PBXBuildFile section */

/* Begin PBXFileReference section */
		F507EDD128DF8E5D003853B8 /* README.md */ = {isa = PBXFileReference; fileEncoding = 4; lastKnownFileType = net.daringfireball.markdown; path = README.md; sourceTree = "<group>"; };
		F55DDAEE28E62B46001F219B /* TaskManager.swift */ = {isa = PBXFileReference; lastKnownFileType = sourcecode.swift; path = TaskManager.swift; sourceTree = "<group>"; };
		F55DDAF028E630CA001F219B /* TimerState.swift */ = {isa = PBXFileReference; fileEncoding = 4; lastKnownFileType = sourcecode.swift; path = TimerState.swift; sourceTree = "<group>"; };
		F5DC57C528E054C00035B08B /* MenuManager.swift */ = {isa = PBXFileReference; lastKnownFileType = sourcecode.swift; path = MenuManager.swift; sourceTree = "<group>"; };
		F5DC57C728E069270035B08B /* TaskView.swift */ = {isa = PBXFileReference; fileEncoding = 4; lastKnownFileType = sourcecode.swift; path = TaskView.swift; sourceTree = "<group>"; };
		F5E4A73228DF4417002396CC /* Time-ato.app */ = {isa = PBXFileReference; explicitFileType = wrapper.application; includeInIndex = 0; path = "Time-ato.app"; sourceTree = BUILT_PRODUCTS_DIR; };
		F5E4A73528DF4417002396CC /* AppDelegate.swift */ = {isa = PBXFileReference; lastKnownFileType = sourcecode.swift; path = AppDelegate.swift; sourceTree = "<group>"; };
		F5E4A73928DF4417002396CC /* Assets.xcassets */ = {isa = PBXFileReference; lastKnownFileType = folder.assetcatalog; path = Assets.xcassets; sourceTree = "<group>"; };
		F5E4A73C28DF4417002396CC /* Base */ = {isa = PBXFileReference; lastKnownFileType = file.storyboard; name = Base; path = Base.lproj/Main.storyboard; sourceTree = "<group>"; };
		F5E4A73E28DF4417002396CC /* Time_ato.entitlements */ = {isa = PBXFileReference; lastKnownFileType = text.plist.entitlements; path = Time_ato.entitlements; sourceTree = "<group>"; };
		F5E4A74528DF8C16002396CC /* TaskTimes.swift */ = {isa = PBXFileReference; fileEncoding = 4; lastKnownFileType = sourcecode.swift; path = TaskTimes.swift; sourceTree = "<group>"; };
		F5E4A74628DF8C16002396CC /* TaskStatus.swift */ = {isa = PBXFileReference; fileEncoding = 4; lastKnownFileType = sourcecode.swift; path = TaskStatus.swift; sourceTree = "<group>"; };
		F5E4A74728DF8C16002396CC /* Task.swift */ = {isa = PBXFileReference; fileEncoding = 4; lastKnownFileType = sourcecode.swift; path = Task.swift; sourceTree = "<group>"; };
/* End PBXFileReference section */

/* Begin PBXFrameworksBuildPhase section */
		F5E4A72F28DF4417002396CC /* Frameworks */ = {
			isa = PBXFrameworksBuildPhase;
			buildActionMask = 2147483647;
			files = (
			);
			runOnlyForDeploymentPostprocessing = 0;
		};
/* End PBXFrameworksBuildPhase section */

/* Begin PBXGroup section */
		F5E4A72928DF4417002396CC = {
			isa = PBXGroup;
			children = (
				F507EDD128DF8E5D003853B8 /* README.md */,
				F5E4A73428DF4417002396CC /* Time-ato */,
				F5E4A73328DF4417002396CC /* Products */,
			);
			sourceTree = "<group>";
		};
		F5E4A73328DF4417002396CC /* Products */ = {
			isa = PBXGroup;
			children = (
				F5E4A73228DF4417002396CC /* Time-ato.app */,
			);
			name = Products;
			sourceTree = "<group>";
		};
		F5E4A73428DF4417002396CC /* Time-ato */ = {
			isa = PBXGroup;
			children = (
				F5E4A74428DF8C16002396CC /* Models */,
				F5E4A73528DF4417002396CC /* AppDelegate.swift */,
				F5E4A73928DF4417002396CC /* Assets.xcassets */,
				F5E4A73B28DF4417002396CC /* Main.storyboard */,
				F5E4A73E28DF4417002396CC /* Time_ato.entitlements */,
				F5DC57C728E069270035B08B /* TaskView.swift */,
				F5DC57C528E054C00035B08B /* MenuManager.swift */,
				F55DDAEE28E62B46001F219B /* TaskManager.swift */,
			);
			path = "Time-ato";
			sourceTree = "<group>";
		};
		F5E4A74428DF8C16002396CC /* Models */ = {
			isa = PBXGroup;
			children = (
				F55DDAF028E630CA001F219B /* TimerState.swift */,
				F5E4A74528DF8C16002396CC /* TaskTimes.swift */,
				F5E4A74628DF8C16002396CC /* TaskStatus.swift */,
				F5E4A74728DF8C16002396CC /* Task.swift */,
			);
			path = Models;
			sourceTree = "<group>";
		};
/* End PBXGroup section */

/* Begin PBXNativeTarget section */
		F5E4A73128DF4417002396CC /* Time-ato */ = {
			isa = PBXNativeTarget;
			buildConfigurationList = F5E4A74128DF4417002396CC /* Build configuration list for PBXNativeTarget "Time-ato" */;
			buildPhases = (
				F5E4A72E28DF4417002396CC /* Sources */,
				F5E4A72F28DF4417002396CC /* Frameworks */,
				F5E4A73028DF4417002396CC /* Resources */,
			);
			buildRules = (
			);
			dependencies = (
			);
			name = "Time-ato";
			productName = "Time-ato";
			productReference = F5E4A73228DF4417002396CC /* Time-ato.app */;
			productType = "com.apple.product-type.application";
		};
/* End PBXNativeTarget section */

/* Begin PBXProject section */
		F5E4A72A28DF4417002396CC /* Project object */ = {
			isa = PBXProject;
			attributes = {
				BuildIndependentTargetsInParallel = 1;
				LastSwiftUpdateCheck = 1400;
				LastUpgradeCheck = 1400;
				TargetAttributes = {
					F5E4A73128DF4417002396CC = {
						CreatedOnToolsVersion = 14.0;
					};
				};
			};
			buildConfigurationList = F5E4A72D28DF4417002396CC /* Build configuration list for PBXProject "Time-ato" */;
			compatibilityVersion = "Xcode 14.0";
			developmentRegion = en;
			hasScannedForEncodings = 0;
			knownRegions = (
				en,
				Base,
			);
			mainGroup = F5E4A72928DF4417002396CC;
			productRefGroup = F5E4A73328DF4417002396CC /* Products */;
			projectDirPath = "";
			projectRoot = "";
			targets = (
				F5E4A73128DF4417002396CC /* Time-ato */,
			);
		};
/* End PBXProject section */

/* Begin PBXResourcesBuildPhase section */
		F5E4A73028DF4417002396CC /* Resources */ = {
			isa = PBXResourcesBuildPhase;
			buildActionMask = 2147483647;
			files = (
				F507EDD228DF8E5D003853B8 /* README.md in Resources */,
				F5E4A73A28DF4417002396CC /* Assets.xcassets in Resources */,
				F5E4A73D28DF4417002396CC /* Main.storyboard in Resources */,
			);
			runOnlyForDeploymentPostprocessing = 0;
		};
/* End PBXResourcesBuildPhase section */

/* Begin PBXSourcesBuildPhase section */
		F5E4A72E28DF4417002396CC /* Sources */ = {
			isa = PBXSourcesBuildPhase;
			buildActionMask = 2147483647;
			files = (
				F5DC57C628E054C00035B08B /* MenuManager.swift in Sources */,
				F5E4A74A28DF8C16002396CC /* Task.swift in Sources */,
				F5E4A74928DF8C16002396CC /* TaskStatus.swift in Sources */,
				F5DC57C828E069270035B08B /* TaskView.swift in Sources */,
				F5E4A73628DF4417002396CC /* AppDelegate.swift in Sources */,
				F55DDAF128E630CA001F219B /* TimerState.swift in Sources */,
				F55DDAEF28E62B46001F219B /* TaskManager.swift in Sources */,
				F5E4A74828DF8C16002396CC /* TaskTimes.swift in Sources */,
			);
			runOnlyForDeploymentPostprocessing = 0;
		};
/* End PBXSourcesBuildPhase section */

/* Begin PBXVariantGroup section */
		F5E4A73B28DF4417002396CC /* Main.storyboard */ = {
			isa = PBXVariantGroup;
			children = (
				F5E4A73C28DF4417002396CC /* Base */,
			);
			name = Main.storyboard;
			sourceTree = "<group>";
		};
/* End PBXVariantGroup section */

/* Begin XCBuildConfiguration section */
		F5E4A73F28DF4417002396CC /* Debug */ = {
			isa = XCBuildConfiguration;
			buildSettings = {
				ALWAYS_SEARCH_USER_PATHS = NO;
				CLANG_ANALYZER_NONNULL = YES;
				CLANG_ANALYZER_NUMBER_OBJECT_CONVERSION = YES_AGGRESSIVE;
				CLANG_CXX_LANGUAGE_STANDARD = "gnu++20";
				CLANG_ENABLE_MODULES = YES;
				CLANG_ENABLE_OBJC_ARC = YES;
				CLANG_ENABLE_OBJC_WEAK = YES;
				CLANG_WARN_BLOCK_CAPTURE_AUTORELEASING = YES;
				CLANG_WARN_BOOL_CONVERSION = YES;
				CLANG_WARN_COMMA = YES;
				CLANG_WARN_CONSTANT_CONVERSION = YES;
				CLANG_WARN_DEPRECATED_OBJC_IMPLEMENTATIONS = YES;
				CLANG_WARN_DIRECT_OBJC_ISA_USAGE = YES_ERROR;
				CLANG_WARN_DOCUMENTATION_COMMENTS = YES;
				CLANG_WARN_EMPTY_BODY = YES;
				CLANG_WARN_ENUM_CONVERSION = YES;
				CLANG_WARN_INFINITE_RECURSION = YES;
				CLANG_WARN_INT_CONVERSION = YES;
				CLANG_WARN_NON_LITERAL_NULL_CONVERSION = YES;
				CLANG_WARN_OBJC_IMPLICIT_RETAIN_SELF = YES;
				CLANG_WARN_OBJC_LITERAL_CONVERSION = YES;
				CLANG_WARN_OBJC_ROOT_CLASS = YES_ERROR;
				CLANG_WARN_QUOTED_INCLUDE_IN_FRAMEWORK_HEADER = YES;
				CLANG_WARN_RANGE_LOOP_ANALYSIS = YES;
				CLANG_WARN_STRICT_PROTOTYPES = YES;
				CLANG_WARN_SUSPICIOUS_MOVE = YES;
				CLANG_WARN_UNGUARDED_AVAILABILITY = YES_AGGRESSIVE;
				CLANG_WARN_UNREACHABLE_CODE = YES;
				CLANG_WARN__DUPLICATE_METHOD_MATCH = YES;
				COPY_PHASE_STRIP = NO;
				DEBUG_INFORMATION_FORMAT = dwarf;
				ENABLE_STRICT_OBJC_MSGSEND = YES;
				ENABLE_TESTABILITY = YES;
				GCC_C_LANGUAGE_STANDARD = gnu11;
				GCC_DYNAMIC_NO_PIC = NO;
				GCC_NO_COMMON_BLOCKS = YES;
				GCC_OPTIMIZATION_LEVEL = 0;
				GCC_PREPROCESSOR_DEFINITIONS = (
					"DEBUG=1",
					"$(inherited)",
				);
				GCC_WARN_64_TO_32_BIT_CONVERSION = YES;
				GCC_WARN_ABOUT_RETURN_TYPE = YES_ERROR;
				GCC_WARN_UNDECLARED_SELECTOR = YES;
				GCC_WARN_UNINITIALIZED_AUTOS = YES_AGGRESSIVE;
				GCC_WARN_UNUSED_FUNCTION = YES;
				GCC_WARN_UNUSED_VARIABLE = YES;
				MACOSX_DEPLOYMENT_TARGET = 12.3;
				MTL_ENABLE_DEBUG_INFO = INCLUDE_SOURCE;
				MTL_FAST_MATH = YES;
				ONLY_ACTIVE_ARCH = YES;
				SDKROOT = macosx;
				SWIFT_ACTIVE_COMPILATION_CONDITIONS = DEBUG;
				SWIFT_OPTIMIZATION_LEVEL = "-Onone";
			};
			name = Debug;
		};
		F5E4A74028DF4417002396CC /* Release */ = {
			isa = XCBuildConfiguration;
			buildSettings = {
				ALWAYS_SEARCH_USER_PATHS = NO;
				CLANG_ANALYZER_NONNULL = YES;
				CLANG_ANALYZER_NUMBER_OBJECT_CONVERSION = YES_AGGRESSIVE;
				CLANG_CXX_LANGUAGE_STANDARD = "gnu++20";
				CLANG_ENABLE_MODULES = YES;
				CLANG_ENABLE_OBJC_ARC = YES;
				CLANG_ENABLE_OBJC_WEAK = YES;
				CLANG_WARN_BLOCK_CAPTURE_AUTORELEASING = YES;
				CLANG_WARN_BOOL_CONVERSION = YES;
				CLANG_WARN_COMMA = YES;
				CLANG_WARN_CONSTANT_CONVERSION = YES;
				CLANG_WARN_DEPRECATED_OBJC_IMPLEMENTATIONS = YES;
				CLANG_WARN_DIRECT_OBJC_ISA_USAGE = YES_ERROR;
				CLANG_WARN_DOCUMENTATION_COMMENTS = YES;
				CLANG_WARN_EMPTY_BODY = YES;
				CLANG_WARN_ENUM_CONVERSION = YES;
				CLANG_WARN_INFINITE_RECURSION = YES;
				CLANG_WARN_INT_CONVERSION = YES;
				CLANG_WARN_NON_LITERAL_NULL_CONVERSION = YES;
				CLANG_WARN_OBJC_IMPLICIT_RETAIN_SELF = YES;
				CLANG_WARN_OBJC_LITERAL_CONVERSION = YES;
				CLANG_WARN_OBJC_ROOT_CLASS = YES_ERROR;
				CLANG_WARN_QUOTED_INCLUDE_IN_FRAMEWORK_HEADER = YES;
				CLANG_WARN_RANGE_LOOP_ANALYSIS = YES;
				CLANG_WARN_STRICT_PROTOTYPES = YES;
				CLANG_WARN_SUSPICIOUS_MOVE = YES;
				CLANG_WARN_UNGUARDED_AVAILABILITY = YES_AGGRESSIVE;
				CLANG_WARN_UNREACHABLE_CODE = YES;
				CLANG_WARN__DUPLICATE_METHOD_MATCH = YES;
				COPY_PHASE_STRIP = NO;
				DEBUG_INFORMATION_FORMAT = "dwarf-with-dsym";
				ENABLE_NS_ASSERTIONS = NO;
				ENABLE_STRICT_OBJC_MSGSEND = YES;
				GCC_C_LANGUAGE_STANDARD = gnu11;
				GCC_NO_COMMON_BLOCKS = YES;
				GCC_WARN_64_TO_32_BIT_CONVERSION = YES;
				GCC_WARN_ABOUT_RETURN_TYPE = YES_ERROR;
				GCC_WARN_UNDECLARED_SELECTOR = YES;
				GCC_WARN_UNINITIALIZED_AUTOS = YES_AGGRESSIVE;
				GCC_WARN_UNUSED_FUNCTION = YES;
				GCC_WARN_UNUSED_VARIABLE = YES;
				MACOSX_DEPLOYMENT_TARGET = 12.3;
				MTL_ENABLE_DEBUG_INFO = NO;
				MTL_FAST_MATH = YES;
				SDKROOT = macosx;
				SWIFT_COMPILATION_MODE = wholemodule;
				SWIFT_OPTIMIZATION_LEVEL = "-O";
			};
			name = Release;
		};
		F5E4A74228DF4417002396CC /* Debug */ = {
			isa = XCBuildConfiguration;
			buildSettings = {
				ASSETCATALOG_COMPILER_APPICON_NAME = AppIcon;
				ASSETCATALOG_COMPILER_GLOBAL_ACCENT_COLOR_NAME = AccentColor;
				CODE_SIGN_ENTITLEMENTS = "Time-ato/Time_ato.entitlements";
				CODE_SIGN_STYLE = Automatic;
				COMBINE_HIDPI_IMAGES = YES;
				CURRENT_PROJECT_VERSION = 1;
				DEVELOPMENT_TEAM = WX4E294MK6;
				ENABLE_HARDENED_RUNTIME = YES;
				GENERATE_INFOPLIST_FILE = YES;
				INFOPLIST_KEY_LSUIElement = YES;
				INFOPLIST_KEY_NSHumanReadableCopyright = "";
				INFOPLIST_KEY_NSMainStoryboardFile = Main;
				INFOPLIST_KEY_NSPrincipalClass = NSApplication;
				LD_RUNPATH_SEARCH_PATHS = (
					"$(inherited)",
					"@executable_path/../Frameworks",
				);
				MARKETING_VERSION = 1.0;
				PRODUCT_BUNDLE_IDENTIFIER = "kz.sabyrzhan.Time-ato";
				PRODUCT_NAME = "$(TARGET_NAME)";
				SWIFT_EMIT_LOC_STRINGS = YES;
				SWIFT_VERSION = 5.0;
			};
			name = Debug;
		};
		F5E4A74328DF4417002396CC /* Release */ = {
			isa = XCBuildConfiguration;
			buildSettings = {
				ASSETCATALOG_COMPILER_APPICON_NAME = AppIcon;
				ASSETCATALOG_COMPILER_GLOBAL_ACCENT_COLOR_NAME = AccentColor;
				CODE_SIGN_ENTITLEMENTS = "Time-ato/Time_ato.entitlements";
				CODE_SIGN_STYLE = Automatic;
				COMBINE_HIDPI_IMAGES = YES;
				CURRENT_PROJECT_VERSION = 1;
				DEVELOPMENT_TEAM = WX4E294MK6;
				ENABLE_HARDENED_RUNTIME = YES;
				GENERATE_INFOPLIST_FILE = YES;
				INFOPLIST_KEY_LSUIElement = YES;
				INFOPLIST_KEY_NSHumanReadableCopyright = "";
				INFOPLIST_KEY_NSMainStoryboardFile = Main;
				INFOPLIST_KEY_NSPrincipalClass = NSApplication;
				LD_RUNPATH_SEARCH_PATHS = (
					"$(inherited)",
					"@executable_path/../Frameworks",
				);
				MARKETING_VERSION = 1.0;
				PRODUCT_BUNDLE_IDENTIFIER = "kz.sabyrzhan.Time-ato";
				PRODUCT_NAME = "$(TARGET_NAME)";
				SWIFT_EMIT_LOC_STRINGS = YES;
				SWIFT_VERSION = 5.0;
			};
			name = Release;
		};
/* End XCBuildConfiguration section */

/* Begin XCConfigurationList section */
		F5E4A72D28DF4417002396CC /* Build configuration list for PBXProject "Time-ato" */ = {
			isa = XCConfigurationList;
			buildConfigurations = (
				F5E4A73F28DF4417002396CC /* Debug */,
				F5E4A74028DF4417002396CC /* Release */,
			);
			defaultConfigurationIsVisible = 0;
			defaultConfigurationName = Release;
		};
		F5E4A74128DF4417002396CC /* Build configuration list for PBXNativeTarget "Time-ato" */ = {
			isa = XCConfigurationList;
			buildConfigurations = (
				F5E4A74228DF4417002396CC /* Debug */,
				F5E4A74328DF4417002396CC /* Release */,
			);
			defaultConfigurationIsVisible = 0;
			defaultConfigurationName = Release;
		};
/* End XCConfigurationList section */
	};
	rootObject = F5E4A72A28DF4417002396CC /* Project object */;
}
